<Solution>
  <Folder Name="/src/">
    <Project Path="src/Gamewright.Graphics/Gamewright.Graphics.csproj" />
    <Project Path="src/Gamewright.HexBoard/Gamewright.HexBoard.csproj" />
    <Project Path="src/Gamewright.HexBoard.Graphics/Gamewright.HexBoard.Graphics.csproj" />
    <Project Path="src/Gamewright.SquareBoard/Gamewright.SquareBoard.csproj" />
    <Project Path="src/Gamewright.SquareBoard.Graphics/Gamewright.SquareBoard.Graphics.csproj" />
    <Project Path="src/CodeGen/CodeGen.csproj" />
    <Project Path="src/Havanna/Havanna.csproj" />
    <Project Path="src/Amazons/Amazons.csproj" />
    <Project Path="src/Chess/Chess.csproj" />
  </Folder>
  <Folder Name="/spikes/">
    <Project Path="src/Spikes/HotReloadSpike/HotReloadSpike.csproj" />
  </Folder>
  <Folder Name="/tests/">
    <Project Path="tests/CodeGen.Tests/CodeGen.Tests.csproj" />
    <Project Path="tests/Gamewright.Graphics.Tests/Gamewright.Graphics.Tests.csproj" />
    <Project Path="tests/Gamewright.HexBoard.Tests/Gamewright.HexBoard.Tests.csproj" />
    <Project Path="tests/Gamewright.HexBoard.Graphics.Tests/Gamewright.HexBoard.Graphics.Tests.csproj" />
    <Project Path="tests/Gamewright.SquareBoard.Tests/Gamewright.SquareBoard.Tests.csproj" />
    <Project Path="tests/Gamewright.SquareBoard.Graphics.Tests/Gamewright.SquareBoard.Graphics.Tests.csproj" />
    <Project Path="tests/HotReloadSpike.Tests/HotReloadSpike.Tests.csproj" />
  </Folder>
</Solution>
